
Microsoft Visual Studio Solution File, Format Version 12.00
# Visual Studio 15
VisualStudioVersion = 15.0.28307.168
MinimumVisualStudioVersion = 10.0.40219.1
Project("{FAE04EC0-301F-11D3-BF4B-00C04F79EFBC}") = "OnBoardCRM.BL", "OnBoardCRM.BL\OnBoardCRM.BL.csproj", "{4421094D-CA94-4335-B5A8-FBD91138D9CE}"
EndProject
Project("{FAE04EC0-301F-11D3-BF4B-00C04F79EFBC}") = "OnBoardCRM.DL", "OnBoardCRM.DL\OnBoardCRM.DL.csproj", "{385E7DCB-30A9-46CF-A87C-A1D32B684866}"
EndProject
Project("{FAE04EC0-301F-11D3-BF4B-00C04F79EFBC}") = "OnBoardCRM.UI", "User Interface\OnBoardCRM.UI.csproj", "{D7E31E9F-639F-470D-8B7E-87D315CBE2F7}"
EndProject
Global
	GlobalSection(SolutionConfigurationPlatforms) = preSolution
		Debug|Any CPU = Debug|Any CPU
		Release|Any CPU = Release|Any CPU
	EndGlobalSection
	GlobalSection(ProjectConfigurationPlatforms) = postSolution
		{4421094D-CA94-4335-B5A8-FBD91138D9CE}.Debug|Any CPU.ActiveCfg = Debug|Any CPU
		{4421094D-CA94-4335-B5A8-FBD91138D9CE}.Debug|Any CPU.Build.0 = Debug|Any CPU
		{4421094D-CA94-4335-B5A8-FBD91138D9CE}.Release|Any CPU.ActiveCfg = Release|Any CPU
		{4421094D-CA94-4335-B5A8-FBD91138D9CE}.Release|Any CPU.Build.0 = Release|Any CPU
		{385E7DCB-30A9-46CF-A87C-A1D32B684866}.Debug|Any CPU.ActiveCfg = Debug|Any CPU
		{385E7DCB-30A9-46CF-A87C-A1D32B684866}.Debug|Any CPU.Build.0 = Debug|Any CPU
		{385E7DCB-30A9-46CF-A87C-A1D32B684866}.Release|Any CPU.ActiveCfg = Release|Any CPU
		{385E7DCB-30A9-46CF-A87C-A1D32B684866}.Release|Any CPU.Build.0 = Release|Any CPU
		{D7E31E9F-639F-470D-8B7E-87D315CBE2F7}.Debug|Any CPU.ActiveCfg = Debug|Any CPU
		{D7E31E9F-639F-470D-8B7E-87D315CBE2F7}.Debug|Any CPU.Build.0 = Debug|Any CPU
		{D7E31E9F-639F-470D-8B7E-87D315CBE2F7}.Release|Any CPU.ActiveCfg = Release|Any CPU
		{D7E31E9F-639F-470D-8B7E-87D315CBE2F7}.Release|Any CPU.Build.0 = Release|Any CPU
	EndGlobalSection
	GlobalSection(SolutionProperties) = preSolution
		HideSolutionNode = FALSE
	EndGlobalSection
	GlobalSection(ExtensibilityGlobals) = postSolution
		SolutionGuid = {F85F2982-DE8D-4CA5-8D8F-F124BB2B7075}
	EndGlobalSection
EndGlobal
